
Microsoft Visual Studio Solution File, Format Version 12.00
# Visual Studio Version 17
VisualStudioVersion = 17.13.35919.96 d17.13
MinimumVisualStudioVersion = 10.0.40219.1
Project("{FAE04EC0-301F-11D3-BF4B-00C04F79EFBC}") = "setup_backend_csharp", "setup_backend_csharp.csproj", "{DDB35836-5DDF-4178-8139-CAD575901056}"
EndProject
Global
	GlobalSection(SolutionConfigurationPlatforms) = preSolution
		Debug|Any CPU = Debug|Any CPU
		Release|Any CPU = Release|Any CPU
	EndGlobalSection
	GlobalSection(ProjectConfigurationPlatforms) = postSolution
		{DDB35836-5DDF-4178-8139-CAD575901056}.Debug|Any CPU.ActiveCfg = Debug|Any CPU
		{DDB35836-5DDF-4178-8139-CAD575901056}.Debug|Any CPU.Build.0 = Debug|Any CPU
		{DDB35836-5DDF-4178-8139-CAD575901056}.Release|Any CPU.ActiveCfg = Release|Any CPU
		{DDB35836-5DDF-4178-8139-CAD575901056}.Release|Any CPU.Build.0 = Release|Any CPU
	EndGlobalSection
	GlobalSection(SolutionProperties) = preSolution
		HideSolutionNode = FALSE
	EndGlobalSection
	GlobalSection(ExtensibilityGlobals) = postSolution
		SolutionGuid = {511D28BB-F244-4223-BF9E-2C0F970FE1E4}
	EndGlobalSection
EndGlobal
